{
    "_meta": {
        "hash": {
            "sha256": "cad8e62d521ce924790886641d029a1161331689cd7d6728060f0d4229841897"
        },
        "host-environment-markers": {
            "implementation_name": "cpython",
            "implementation_version": "3.6.3",
            "os_name": "posix",
            "platform_machine": "x86_64",
            "platform_python_implementation": "CPython",
            "platform_release": "3.18.0-16288-g64d05cf80004",
            "platform_system": "Linux",
            "platform_version": "#1 SMP PREEMPT Mon Jan 8 23:22:09 PST 2018",
            "python_full_version": "3.6.3",
            "python_version": "3.6",
            "sys_platform": "linux"
        },
        "pipfile-spec": 6,
        "requires": {},
        "sources": [
            {
                "name": "pypi",
                "url": "https://pypi.python.org/simple",
                "verify_ssl": true
            }
        ]
    },
    "default": {
        "cowsay": {
            "hashes": [
                "sha256:93bf7695c179ff8c93ea5cb1d0d4a895c30c6756087da8cb1deb4165f4fc8c24"
            ],
            "version": "==1.0"
        }
    },
    "develop": {
        "certifi": {
            "hashes": [
                "sha256:14131608ad2fd56836d33a71ee60fa1c82bc9d2c8d98b7bdbc631fe1b3cd1296",
                "sha256:edbc3f203427eef571f79a7692bb160a2b0f7ccaa31953e99bd17e307cf63f7d"
            ],
            "version": "==2018.1.18"
        },
        "chardet": {
            "hashes": [
                "sha256:fc323ffcaeaed0e0a02bf4d117757b98aed530d9ed4531e3e15460124c106691",
                "sha256:84ab92ed1c4d4f16916e05906b6b75a6c0fb5db821cc65e70cbd64a3e2a5eaae"
            ],
            "version": "==3.0.4"
        },
        "idna": {
            "hashes": [
                "sha256:8c7309c718f94b3a625cb648ace320157ad16ff131ae0af362c9f21b80ef6ec4",
                "sha256:2c6a5de3089009e3da7c5dde64a141dbc8551d5b7f6cf4ed7c2568d0cc520a8f"
            ],
            "version": "==2.6"
        },
        "pew": {
            "hashes": [
                "sha256:a5256586e169199cb2213225261b6bdd7b657c309dcf4a02b61994308b313d4d",
                "sha256:b8312728526c9010295c88215c95a1b1731fdbd1a568f728e069932bd0545611"
            ],
            "version": "==1.1.2"
        },
        "pipenv": {
            "hashes": [
                "sha256:3732350e3cd8cc033d66748c418bab4b018dc0a4fcf1687f17a103ac44eac0c6"
            ],
            "version": "==10.1.0"
        },
        "requests": {
            "hashes": [
                "sha256:6a1b267aa90cac58ac3a765d067950e7dbbf75b1da07e895d1f594193a40a38b",
                "sha256:9c443e7324ba5b85070c4a818ade28bfabedf16ea10206da1132edaa6dda237e"
            ],
            "version": "==2.18.4"
        },
        "urllib3": {
            "hashes": [
                "sha256:06330f386d6e4b195fbfc736b297f58c5a892e4440e54d294d7004e3a9bbea1b",
                "sha256:cc44da8e1145637334317feebd728bd869a35285b93cbb4cca2577da7e62db4f"
            ],
            "version": "==1.22"
        },
        "virtualenv": {
            "hashes": [
                "sha256:39d88b533b422825d644087a21e78c45cf5af0ef7a99a1fc9fbb7b481e5c85b0",
                "sha256:02f8102c2436bb03b3ee6dede1919d1dac8a427541652e5ec95171ec8adbc93a"
            ],
            "version": "==15.1.0"
        },
        "virtualenv-clone": {
            "hashes": [
                "sha256:6b3be5cab59e455f08c9eda573d23006b7d6fb41fae974ddaa2b275c93cc4405"
            ],
            "version": "==0.2.6"
        }
    }
}
